{
  "originHash" : "c89362e080fdf71c3a8be5a89679d2d921d0dc49542bb9f7ae26d76d3b7c6b08",
  "pins" : [
    {
      "identity" : "hotkey",
      "kind" : "remoteSourceControl",
      "location" : "https://github.com/swiftbar/HotKey",
      "state" : {
        "revision" : "c13662730cb5bc28de4a799854bbb018a90649bf",
        "version" : "0.1.3"
      }
    },
    {
      "identity" : "launchatlogin",
      "kind" : "remoteSourceControl",
      "location" : "https://github.com/sindresorhus/LaunchAtLogin",
      "state" : {
        "revision" : "7ad6331f9c38953eb1ce8737758e18f7607e984a",
        "version" : "5.0.0"
      }
    },
    {
      "identity" : "preferences",
      "kind" : "remoteSourceControl",
      "location" : "https://github.com/sindresorhus/Preferences",
      "state" : {
        "revision" : "2651cd144615009242c994b087508fef99e9275c",
        "version" : "2.6.0"
      }
    },
    {
      "identity" : "swifcron",
      "kind" : "remoteSourceControl",
      "location" : "https://github.com/swiftbar/SwifCron",
      "state" : {
        "revision" : "effe20321342705e66894d86720c5882e2f4095e",
        "version" : "1.3.1"
      }
    }
  ],
  "version" : 3
}
